
Microsoft Visual Studio Solution File, Format Version 12.00
# Visual Studio Version 17
VisualStudioVersion = 17.2.32616.157
MinimumVisualStudioVersion = 15.0.26124.0
Project("{2150E333-8FDC-42A3-9474-1A3956D46DE8}") = "Solution Items", "Solution Items", "{90B81114-F696-47F2-B5F4-D107E3399683}"
	ProjectSection(SolutionItems) = preProject
		.editorconfig = .editorconfig
	EndProjectSection
EndProject
Project("{9A19103F-16F7-4668-BE54-9A1E7A4F7556}") = "NorthwindApiApp", "NorthwindApiApp\NorthwindApiApp.csproj", "{6D84D21D-E257-4D9D-A629-6AAA7D92AE69}"
EndProject
Project("{9A19103F-16F7-4668-BE54-9A1E7A4F7556}") = "Northwind.Services.EntityFrameworkCore", "Northwind.Services.EntityFrameworkCore\Northwind.Services.EntityFrameworkCore.csproj", "{FC815719-C42A-4221-A7EE-75A9BFD89232}"
EndProject
Project("{9A19103F-16F7-4668-BE54-9A1E7A4F7556}") = "Northwind.Services.EntityFrameworkCore.Blogging", "Northwind.Services.EntityFrameworkCore.Blogging\Northwind.Services.EntityFrameworkCore.Blogging.csproj", "{A1E58AC8-0E15-468D-B109-1374FE80B401}"
EndProject
Project("{9A19103F-16F7-4668-BE54-9A1E7A4F7556}") = "Northwind.DataAccess", "Northwind.DataAccess\Northwind.DataAccess.csproj", "{04B4581A-8B3C-4732-A18E-BD4F2F8B90CC}"
EndProject
Project("{9A19103F-16F7-4668-BE54-9A1E7A4F7556}") = "Northwind.DataAccess.SqlServer", "Northwind.DataAccess.SqlServer\Northwind.DataAccess.SqlServer.csproj", "{3B066419-0867-44E6-9A77-C61CCD0F0EFF}"
EndProject
Project("{9A19103F-16F7-4668-BE54-9A1E7A4F7556}") = "Northwind.Services", "Northwind.Services\Northwind.Services.csproj", "{010D93D0-B648-44C2-AF9C-471896343420}"
EndProject
Project("{9A19103F-16F7-4668-BE54-9A1E7A4F7556}") = "Northwind.Services.DataAccess", "Northwind.Services.DataAccess\Northwind.Services.DataAccess.csproj", "{6C3E1F6A-8120-488E-9F20-05624393FB17}"
EndProject
Project("{9A19103F-16F7-4668-BE54-9A1E7A4F7556}") = "NorthwindMvc", "NorthwindMvc\NorthwindMvc.csproj", "{CC6D3FEB-222F-45D4-96BB-1AFD25C09576}"
EndProject
Project("{FAE04EC0-301F-11D3-BF4B-00C04F79EFBC}") = "Northwind.IntegrationTests", "Northwind.IntegrationTests\Northwind.IntegrationTests.csproj", "{DEBDBB67-D775-41A4-A02C-6F85C87F8BE5}"
EndProject
Global
	GlobalSection(SolutionConfigurationPlatforms) = preSolution
		Debug|Any CPU = Debug|Any CPU
		Debug|x64 = Debug|x64
		Debug|x86 = Debug|x86
		Release|Any CPU = Release|Any CPU
		Release|x64 = Release|x64
		Release|x86 = Release|x86
	EndGlobalSection
	GlobalSection(ProjectConfigurationPlatforms) = postSolution
		{6D84D21D-E257-4D9D-A629-6AAA7D92AE69}.Debug|Any CPU.ActiveCfg = Debug|Any CPU
		{6D84D21D-E257-4D9D-A629-6AAA7D92AE69}.Debug|Any CPU.Build.0 = Debug|Any CPU
		{6D84D21D-E257-4D9D-A629-6AAA7D92AE69}.Debug|x64.ActiveCfg = Debug|Any CPU
		{6D84D21D-E257-4D9D-A629-6AAA7D92AE69}.Debug|x64.Build.0 = Debug|Any CPU
		{6D84D21D-E257-4D9D-A629-6AAA7D92AE69}.Debug|x86.ActiveCfg = Debug|Any CPU
		{6D84D21D-E257-4D9D-A629-6AAA7D92AE69}.Debug|x86.Build.0 = Debug|Any CPU
		{6D84D21D-E257-4D9D-A629-6AAA7D92AE69}.Release|Any CPU.ActiveCfg = Release|Any CPU
		{6D84D21D-E257-4D9D-A629-6AAA7D92AE69}.Release|Any CPU.Build.0 = Release|Any CPU
		{6D84D21D-E257-4D9D-A629-6AAA7D92AE69}.Release|x64.ActiveCfg = Release|Any CPU
		{6D84D21D-E257-4D9D-A629-6AAA7D92AE69}.Release|x64.Build.0 = Release|Any CPU
		{6D84D21D-E257-4D9D-A629-6AAA7D92AE69}.Release|x86.ActiveCfg = Release|Any CPU
		{6D84D21D-E257-4D9D-A629-6AAA7D92AE69}.Release|x86.Build.0 = Release|Any CPU
		{FC815719-C42A-4221-A7EE-75A9BFD89232}.Debug|Any CPU.ActiveCfg = Debug|Any CPU
		{FC815719-C42A-4221-A7EE-75A9BFD89232}.Debug|Any CPU.Build.0 = Debug|Any CPU
		{FC815719-C42A-4221-A7EE-75A9BFD89232}.Debug|x64.ActiveCfg = Debug|Any CPU
		{FC815719-C42A-4221-A7EE-75A9BFD89232}.Debug|x64.Build.0 = Debug|Any CPU
		{FC815719-C42A-4221-A7EE-75A9BFD89232}.Debug|x86.ActiveCfg = Debug|Any CPU
		{FC815719-C42A-4221-A7EE-75A9BFD89232}.Debug|x86.Build.0 = Debug|Any CPU
		{FC815719-C42A-4221-A7EE-75A9BFD89232}.Release|Any CPU.ActiveCfg = Release|Any CPU
		{FC815719-C42A-4221-A7EE-75A9BFD89232}.Release|Any CPU.Build.0 = Release|Any CPU
		{FC815719-C42A-4221-A7EE-75A9BFD89232}.Release|x64.ActiveCfg = Release|Any CPU
		{FC815719-C42A-4221-A7EE-75A9BFD89232}.Release|x64.Build.0 = Release|Any CPU
		{FC815719-C42A-4221-A7EE-75A9BFD89232}.Release|x86.ActiveCfg = Release|Any CPU
		{FC815719-C42A-4221-A7EE-75A9BFD89232}.Release|x86.Build.0 = Release|Any CPU
		{A1E58AC8-0E15-468D-B109-1374FE80B401}.Debug|Any CPU.ActiveCfg = Debug|Any CPU
		{A1E58AC8-0E15-468D-B109-1374FE80B401}.Debug|Any CPU.Build.0 = Debug|Any CPU
		{A1E58AC8-0E15-468D-B109-1374FE80B401}.Debug|x64.ActiveCfg = Debug|Any CPU
		{A1E58AC8-0E15-468D-B109-1374FE80B401}.Debug|x64.Build.0 = Debug|Any CPU
		{A1E58AC8-0E15-468D-B109-1374FE80B401}.Debug|x86.ActiveCfg = Debug|Any CPU
		{A1E58AC8-0E15-468D-B109-1374FE80B401}.Debug|x86.Build.0 = Debug|Any CPU
		{A1E58AC8-0E15-468D-B109-1374FE80B401}.Release|Any CPU.ActiveCfg = Release|Any CPU
		{A1E58AC8-0E15-468D-B109-1374FE80B401}.Release|Any CPU.Build.0 = Release|Any CPU
		{A1E58AC8-0E15-468D-B109-1374FE80B401}.Release|x64.ActiveCfg = Release|Any CPU
		{A1E58AC8-0E15-468D-B109-1374FE80B401}.Release|x64.Build.0 = Release|Any CPU
		{A1E58AC8-0E15-468D-B109-1374FE80B401}.Release|x86.ActiveCfg = Release|Any CPU
		{A1E58AC8-0E15-468D-B109-1374FE80B401}.Release|x86.Build.0 = Release|Any CPU
		{04B4581A-8B3C-4732-A18E-BD4F2F8B90CC}.Debug|Any CPU.ActiveCfg = Debug|Any CPU
		{04B4581A-8B3C-4732-A18E-BD4F2F8B90CC}.Debug|Any CPU.Build.0 = Debug|Any CPU
		{04B4581A-8B3C-4732-A18E-BD4F2F8B90CC}.Debug|x64.ActiveCfg = Debug|Any CPU
		{04B4581A-8B3C-4732-A18E-BD4F2F8B90CC}.Debug|x64.Build.0 = Debug|Any CPU
		{04B4581A-8B3C-4732-A18E-BD4F2F8B90CC}.Debug|x86.ActiveCfg = Debug|Any CPU
		{04B4581A-8B3C-4732-A18E-BD4F2F8B90CC}.Debug|x86.Build.0 = Debug|Any CPU
		{04B4581A-8B3C-4732-A18E-BD4F2F8B90CC}.Release|Any CPU.ActiveCfg = Release|Any CPU
		{04B4581A-8B3C-4732-A18E-BD4F2F8B90CC}.Release|Any CPU.Build.0 = Release|Any CPU
		{04B4581A-8B3C-4732-A18E-BD4F2F8B90CC}.Release|x64.ActiveCfg = Release|Any CPU
		{04B4581A-8B3C-4732-A18E-BD4F2F8B90CC}.Release|x64.Build.0 = Release|Any CPU
		{04B4581A-8B3C-4732-A18E-BD4F2F8B90CC}.Release|x86.ActiveCfg = Release|Any CPU
		{04B4581A-8B3C-4732-A18E-BD4F2F8B90CC}.Release|x86.Build.0 = Release|Any CPU
		{3B066419-0867-44E6-9A77-C61CCD0F0EFF}.Debug|Any CPU.ActiveCfg = Debug|Any CPU
		{3B066419-0867-44E6-9A77-C61CCD0F0EFF}.Debug|Any CPU.Build.0 = Debug|Any CPU
		{3B066419-0867-44E6-9A77-C61CCD0F0EFF}.Debug|x64.ActiveCfg = Debug|Any CPU
		{3B066419-0867-44E6-9A77-C61CCD0F0EFF}.Debug|x64.Build.0 = Debug|Any CPU
		{3B066419-0867-44E6-9A77-C61CCD0F0EFF}.Debug|x86.ActiveCfg = Debug|Any CPU
		{3B066419-0867-44E6-9A77-C61CCD0F0EFF}.Debug|x86.Build.0 = Debug|Any CPU
		{3B066419-0867-44E6-9A77-C61CCD0F0EFF}.Release|Any CPU.ActiveCfg = Release|Any CPU
		{3B066419-0867-44E6-9A77-C61CCD0F0EFF}.Release|Any CPU.Build.0 = Release|Any CPU
		{3B066419-0867-44E6-9A77-C61CCD0F0EFF}.Release|x64.ActiveCfg = Release|Any CPU
		{3B066419-0867-44E6-9A77-C61CCD0F0EFF}.Release|x64.Build.0 = Release|Any CPU
		{3B066419-0867-44E6-9A77-C61CCD0F0EFF}.Release|x86.ActiveCfg = Release|Any CPU
		{3B066419-0867-44E6-9A77-C61CCD0F0EFF}.Release|x86.Build.0 = Release|Any CPU
		{010D93D0-B648-44C2-AF9C-471896343420}.Debug|Any CPU.ActiveCfg = Debug|Any CPU
		{010D93D0-B648-44C2-AF9C-471896343420}.Debug|Any CPU.Build.0 = Debug|Any CPU
		{010D93D0-B648-44C2-AF9C-471896343420}.Debug|x64.ActiveCfg = Debug|Any CPU
		{010D93D0-B648-44C2-AF9C-471896343420}.Debug|x64.Build.0 = Debug|Any CPU
		{010D93D0-B648-44C2-AF9C-471896343420}.Debug|x86.ActiveCfg = Debug|Any CPU
		{010D93D0-B648-44C2-AF9C-471896343420}.Debug|x86.Build.0 = Debug|Any CPU
		{010D93D0-B648-44C2-AF9C-471896343420}.Release|Any CPU.ActiveCfg = Release|Any CPU
		{010D93D0-B648-44C2-AF9C-471896343420}.Release|Any CPU.Build.0 = Release|Any CPU
		{010D93D0-B648-44C2-AF9C-471896343420}.Release|x64.ActiveCfg = Release|Any CPU
		{010D93D0-B648-44C2-AF9C-471896343420}.Release|x64.Build.0 = Release|Any CPU
		{010D93D0-B648-44C2-AF9C-471896343420}.Release|x86.ActiveCfg = Release|Any CPU
		{010D93D0-B648-44C2-AF9C-471896343420}.Release|x86.Build.0 = Release|Any CPU
		{6C3E1F6A-8120-488E-9F20-05624393FB17}.Debug|Any CPU.ActiveCfg = Debug|Any CPU
		{6C3E1F6A-8120-488E-9F20-05624393FB17}.Debug|Any CPU.Build.0 = Debug|Any CPU
		{6C3E1F6A-8120-488E-9F20-05624393FB17}.Debug|x64.ActiveCfg = Debug|Any CPU
		{6C3E1F6A-8120-488E-9F20-05624393FB17}.Debug|x64.Build.0 = Debug|Any CPU
		{6C3E1F6A-8120-488E-9F20-05624393FB17}.Debug|x86.ActiveCfg = Debug|Any CPU
		{6C3E1F6A-8120-488E-9F20-05624393FB17}.Debug|x86.Build.0 = Debug|Any CPU
		{6C3E1F6A-8120-488E-9F20-05624393FB17}.Release|Any CPU.ActiveCfg = Release|Any CPU
		{6C3E1F6A-8120-488E-9F20-05624393FB17}.Release|Any CPU.Build.0 = Release|Any CPU
		{6C3E1F6A-8120-488E-9F20-05624393FB17}.Release|x64.ActiveCfg = Release|Any CPU
		{6C3E1F6A-8120-488E-9F20-05624393FB17}.Release|x64.Build.0 = Release|Any CPU
		{6C3E1F6A-8120-488E-9F20-05624393FB17}.Release|x86.ActiveCfg = Release|Any CPU
		{6C3E1F6A-8120-488E-9F20-05624393FB17}.Release|x86.Build.0 = Release|Any CPU
		{CC6D3FEB-222F-45D4-96BB-1AFD25C09576}.Debug|Any CPU.ActiveCfg = Debug|Any CPU
		{CC6D3FEB-222F-45D4-96BB-1AFD25C09576}.Debug|Any CPU.Build.0 = Debug|Any CPU
		{CC6D3FEB-222F-45D4-96BB-1AFD25C09576}.Debug|x64.ActiveCfg = Debug|Any CPU
		{CC6D3FEB-222F-45D4-96BB-1AFD25C09576}.Debug|x64.Build.0 = Debug|Any CPU
		{CC6D3FEB-222F-45D4-96BB-1AFD25C09576}.Debug|x86.ActiveCfg = Debug|Any CPU
		{CC6D3FEB-222F-45D4-96BB-1AFD25C09576}.Debug|x86.Build.0 = Debug|Any CPU
		{CC6D3FEB-222F-45D4-96BB-1AFD25C09576}.Release|Any CPU.ActiveCfg = Release|Any CPU
		{CC6D3FEB-222F-45D4-96BB-1AFD25C09576}.Release|Any CPU.Build.0 = Release|Any CPU
		{CC6D3FEB-222F-45D4-96BB-1AFD25C09576}.Release|x64.ActiveCfg = Release|Any CPU
		{CC6D3FEB-222F-45D4-96BB-1AFD25C09576}.Release|x64.Build.0 = Release|Any CPU
		{CC6D3FEB-222F-45D4-96BB-1AFD25C09576}.Release|x86.ActiveCfg = Release|Any CPU
		{CC6D3FEB-222F-45D4-96BB-1AFD25C09576}.Release|x86.Build.0 = Release|Any CPU
		{DEBDBB67-D775-41A4-A02C-6F85C87F8BE5}.Debug|Any CPU.ActiveCfg = Debug|Any CPU
		{DEBDBB67-D775-41A4-A02C-6F85C87F8BE5}.Debug|Any CPU.Build.0 = Debug|Any CPU
		{DEBDBB67-D775-41A4-A02C-6F85C87F8BE5}.Debug|x64.ActiveCfg = Debug|Any CPU
		{DEBDBB67-D775-41A4-A02C-6F85C87F8BE5}.Debug|x64.Build.0 = Debug|Any CPU
		{DEBDBB67-D775-41A4-A02C-6F85C87F8BE5}.Debug|x86.ActiveCfg = Debug|Any CPU
		{DEBDBB67-D775-41A4-A02C-6F85C87F8BE5}.Debug|x86.Build.0 = Debug|Any CPU
		{DEBDBB67-D775-41A4-A02C-6F85C87F8BE5}.Release|Any CPU.ActiveCfg = Release|Any CPU
		{DEBDBB67-D775-41A4-A02C-6F85C87F8BE5}.Release|Any CPU.Build.0 = Release|Any CPU
		{DEBDBB67-D775-41A4-A02C-6F85C87F8BE5}.Release|x64.ActiveCfg = Release|Any CPU
		{DEBDBB67-D775-41A4-A02C-6F85C87F8BE5}.Release|x64.Build.0 = Release|Any CPU
		{DEBDBB67-D775-41A4-A02C-6F85C87F8BE5}.Release|x86.ActiveCfg = Release|Any CPU
		{DEBDBB67-D775-41A4-A02C-6F85C87F8BE5}.Release|x86.Build.0 = Release|Any CPU
	EndGlobalSection
	GlobalSection(SolutionProperties) = preSolution
		HideSolutionNode = FALSE
	EndGlobalSection
	GlobalSection(ExtensibilityGlobals) = postSolution
		SolutionGuid = {277A8F27-AD95-4502-9B9B-97D1FEE423B2}
	EndGlobalSection
EndGlobal
